
Microsoft Visual Studio Solution File, Format Version 12.00
# Visual Studio Version 17
VisualStudioVersion = 17.10.35004.147
MinimumVisualStudioVersion = 10.0.40219.1
Project("{9A19103F-16F7-4668-BE54-9A1E7A4F7556}") = "InsuranceWebApplication", "InsuranceWebApplication\InsuranceWebApplication.csproj", "{4B6B3259-5A34-4F4F-A424-37673B7E706E}"
EndProject
Project("{FAE04EC0-301F-11D3-BF4B-00C04F79EFBC}") = "Test", "Test\Test.csproj", "{B04FB4E1-E583-4C19-A4CE-710516C6438E}"
EndProject
Global
	GlobalSection(SolutionConfigurationPlatforms) = preSolution
		Debug|Any CPU = Debug|Any CPU
		Release|Any CPU = Release|Any CPU
	EndGlobalSection
	GlobalSection(ProjectConfigurationPlatforms) = postSolution
		{4B6B3259-5A34-4F4F-A424-37673B7E706E}.Debug|Any CPU.ActiveCfg = Debug|Any CPU
		{4B6B3259-5A34-4F4F-A424-37673B7E706E}.Debug|Any CPU.Build.0 = Debug|Any CPU
		{4B6B3259-5A34-4F4F-A424-37673B7E706E}.Release|Any CPU.ActiveCfg = Release|Any CPU
		{4B6B3259-5A34-4F4F-A424-37673B7E706E}.Release|Any CPU.Build.0 = Release|Any CPU
		{B04FB4E1-E583-4C19-A4CE-710516C6438E}.Debug|Any CPU.ActiveCfg = Debug|Any CPU
		{B04FB4E1-E583-4C19-A4CE-710516C6438E}.Debug|Any CPU.Build.0 = Debug|Any CPU
		{B04FB4E1-E583-4C19-A4CE-710516C6438E}.Release|Any CPU.ActiveCfg = Release|Any CPU
		{B04FB4E1-E583-4C19-A4CE-710516C6438E}.Release|Any CPU.Build.0 = Release|Any CPU
	EndGlobalSection
	GlobalSection(SolutionProperties) = preSolution
		HideSolutionNode = FALSE
	EndGlobalSection
	GlobalSection(ExtensibilityGlobals) = postSolution
		SolutionGuid = {42863732-D14A-45C0-B8ED-9152D62649F4}
	EndGlobalSection
EndGlobal
